
Microsoft Visual Studio Solution File, Format Version 12.00
# Visual Studio Version 17
VisualStudioVersion = 17.13.35825.156 d17.13
MinimumVisualStudioVersion = 10.0.40219.1
Project("{FAE04EC0-301F-11D3-BF4B-00C04F79EFBC}") = "StringLibrary", "StringLibrary\StringLibrary.csproj", "{4DDA9D8B-2EBC-4395-9A3A-128B1DB52E39}"
EndProject
Project("{FAE04EC0-301F-11D3-BF4B-00C04F79EFBC}") = "TestApp", "TestApp\TestApp.csproj", "{155C3BA5-33E4-4FBB-A1E7-A4F03039D963}"
EndProject
Global
	GlobalSection(SolutionConfigurationPlatforms) = preSolution
		Debug|Any CPU = Debug|Any CPU
		Release|Any CPU = Release|Any CPU
	EndGlobalSection
	GlobalSection(ProjectConfigurationPlatforms) = postSolution
		{4DDA9D8B-2EBC-4395-9A3A-128B1DB52E39}.Debug|Any CPU.ActiveCfg = Debug|Any CPU
		{4DDA9D8B-2EBC-4395-9A3A-128B1DB52E39}.Debug|Any CPU.Build.0 = Debug|Any CPU
		{4DDA9D8B-2EBC-4395-9A3A-128B1DB52E39}.Release|Any CPU.ActiveCfg = Release|Any CPU
		{4DDA9D8B-2EBC-4395-9A3A-128B1DB52E39}.Release|Any CPU.Build.0 = Release|Any CPU
		{155C3BA5-33E4-4FBB-A1E7-A4F03039D963}.Debug|Any CPU.ActiveCfg = Debug|Any CPU
		{155C3BA5-33E4-4FBB-A1E7-A4F03039D963}.Debug|Any CPU.Build.0 = Debug|Any CPU
		{155C3BA5-33E4-4FBB-A1E7-A4F03039D963}.Release|Any CPU.ActiveCfg = Release|Any CPU
		{155C3BA5-33E4-4FBB-A1E7-A4F03039D963}.Release|Any CPU.Build.0 = Release|Any CPU
	EndGlobalSection
	GlobalSection(SolutionProperties) = preSolution
		HideSolutionNode = FALSE
	EndGlobalSection
	GlobalSection(ExtensibilityGlobals) = postSolution
		SolutionGuid = {47059648-5C61-47EC-AF96-8E00B55F5BD2}
	EndGlobalSection
EndGlobal
